# THIS IS AN AUTOGENERATED FILE. DO NOT EDIT THIS FILE DIRECTLY.
# yarn lockfile v1


"@apidevtools/json-schema-ref-parser@9.0.9":
  version "9.0.9"
  resolved "https://registry.yarnpkg.com/@apidevtools/json-schema-ref-parser/-/json-schema-ref-parser-9.0.9.tgz#d720f9256e3609621280584f2b47ae165359268b"
  integrity sha512-GBD2Le9w2+lVFoc4vswGI/TjkNIZSVp7+9xPf+X3uidBfWnAeUWmquteSyt0+VCrhNMWj/FTABISQrD3Z/YA+w==
  dependencies:
    "@jsdevtools/ono" "^7.1.3"
    "@types/json-schema" "^7.0.6"
    call-me-maybe "^1.0.1"
    js-yaml "^4.1.0"

"@jsdevtools/ono@^7.1.3":
  version "7.1.3"
  resolved "https://registry.yarnpkg.com/@jsdevtools/ono/-/ono-7.1.3.tgz#9df03bbd7c696a5c58885c34aa06da41c8543796"
  integrity sha512-4JQNk+3mVzK3xh2rqd6RB4J46qUR19azEHBneZyTZM+c456qOrbbM/5xcR8huNCCcbVt7+UmizG6GuUvPvKUYg==

"@types/json-schema@^7.0.6":
  version "7.0.9"
  resolved "https://registry.yarnpkg.com/@types/json-schema/-/json-schema-7.0.9.tgz#97edc9037ea0c38585320b28964dde3b39e4660d"
  integrity sha512-qcUXuemtEu+E5wZSJHNxUXeCZhAfXKQ41D+duX+VYPde7xyEVZci+/oXKJL13tnRs9lR2pr4fod59GT6/X1/yQ==

"@types/node-fetch@^2.0.0":
  version "2.5.12"
  resolved "https://registry.yarnpkg.com/@types/node-fetch/-/node-fetch-2.5.12.tgz#8a6f779b1d4e60b7a57fb6fd48d84fb545b9cc66"
  integrity sha512-MKgC4dlq4kKNa/mYrwpKfzQMB5X3ee5U6fSprkKpToBqBmX4nFZL9cW5jl6sWn+xpRJ7ypWh2yyqqr8UUCstSw==
  dependencies:
    "@types/node" "*"
    form-data "^3.0.0"

"@types/node@*":
  version "17.0.15"
  resolved "https://registry.yarnpkg.com/@types/node/-/node-17.0.15.tgz#97779282c09c09577120a2162e71d8380003590a"
  integrity sha512-zWt4SDDv1S9WRBNxLFxFRHxdD9tvH8f5/kg5/IaLFdnSNXsDY4eL3Q3XXN+VxUnWIhyVFDwcsmAprvwXoM/ClA==

"@typescript/typescript-aix-ppc64@7.0.2":
  version "7.0.2"
  resolved "https://registry.yarnpkg.com/@typescript/typescript-aix-ppc64/-/typescript-aix-ppc64-7.0.2.tgz#cdc7ce81d60f1e09034960ddfb1fb880d7a776b6"
  integrity sha512-MTKKkWB7p/0E9xi1d1tHtZ5PiLkGEMIq88pK2CubZjOsLtYTLqhgIgi6zepFa+9GHZ6h05NMCkQxGKiPXMxXtQ==

"@typescript/typescript-darwin-arm64@7.0.2":
  version "7.0.2"
  resolved "https://registry.yarnpkg.com/@typescript/typescript-darwin-arm64/-/typescript-darwin-arm64-7.0.2.tgz#a55fdfcfa58df58d27db2237cde6a5c1e35a7235"
  integrity sha512-gowzar9MwS/aRWp6f3a4KUqzRjAZjOsmGNCM6LcTgXum+dBfgsBVMN+AgvOCCbguXyick6LJhpBszxMebJ8syA==

"@typescript/typescript-darwin-x64@7.0.2":
  version "7.0.2"
  resolved "https://registry.yarnpkg.com/@typescript/typescript-darwin-x64/-/typescript-darwin-x64-7.0.2.tgz#38d1c9172800a91d707bec64d2a370a016634db4"
  integrity sha512-SZ9xZInqApNlNGc9s0W1VSsktYSOe9cFqNOIqmN1Gs8SmkjKZYFt017G4VwPxASInODuAdbTW7sXiFUf893RgA==

"@typescript/typescript-freebsd-arm64@7.0.2":
  version "7.0.2"
  resolved "https://registry.yarnpkg.com/@typescript/typescript-freebsd-arm64/-/typescript-freebsd-arm64-7.0.2.tgz#f1ff8810030b35d2b5be0db6a2dc650460ea94fa"
  integrity sha512-W5NH4y/J0plIIS5b2xvTEkU7JFxyqdMAOgf+Ilhl0vHQXKO5dZoxd+C/jEtq56c4F3wk71RB4BMRQ2XdI+bwYQ==

"@typescript/typescript-freebsd-x64@7.0.2":
  version "7.0.2"
  resolved "https://registry.yarnpkg.com/@typescript/typescript-freebsd-x64/-/typescript-freebsd-x64-7.0.2.tgz#3d86b03f353c5b1ba95162eb6ce35533bfc294bd"
  integrity sha512-UMGDx5sTpzNw3WiPebH7l90IWfJggEd+egHt/q6p7/Cm3zqoV7VxkGXt+3DxPIw8CcmvAB0j3sVVfbhX+M4Tpw==

"@typescript/typescript-linux-arm64@7.0.2":
  version "7.0.2"
  resolved "https://registry.yarnpkg.com/@typescript/typescript-linux-arm64/-/typescript-linux-arm64-7.0.2.tgz#d9334d96d6dac6ff85da9c865588948de939e91f"
  integrity sha512-Qh4eU4/y3yDjnfjjyPYihMj5/ODIlmt+Bzu17OI+fiSRDW57QmU5SiN63exPRNJPKUzcc1INa1NXdrJ+MqHjUQ==

"@typescript/typescript-linux-arm@7.0.2":
  version "7.0.2"
  resolved "https://registry.yarnpkg.com/@typescript/typescript-linux-arm/-/typescript-linux-arm-7.0.2.tgz#ad94b41e1aee2a4dcc6a298c7b67c43345fde32e"
  integrity sha512-gffT3xPz9sR7j/YJExkyPntrI0P2EP9XbOyWzth2/Gs0RstK+90RBcO0ncXoXy/beYll1SXw846Nf2zdnEz0QQ==

"@typescript/typescript-linux-loong64@7.0.2":
  version "7.0.2"
  resolved "https://registry.yarnpkg.com/@typescript/typescript-linux-loong64/-/typescript-linux-loong64-7.0.2.tgz#2965aee4fc873360139d893daafe6397a29138ad"
  integrity sha512-uEHck9i8hoAzXPiYRib1O7miOnz23SxIeVl6F4LXox+qov1K35jHcEW6VHKvZI+pyvl7fZEP4MCU5LYvIq1GuQ==

"@typescript/typescript-linux-mips64el@7.0.2":
  version "7.0.2"
  resolved "https://registry.yarnpkg.com/@typescript/typescript-linux-mips64el/-/typescript-linux-mips64el-7.0.2.tgz#1a887a311bed3a833f80bfd4a9ed37c271936cf0"
  integrity sha512-R4KvAMnE43W5Qeqb0Ly56O3mWMWIAgsMyz36DCaycd5nbg/9kzm0liw3JocfRqyJY0KPmzFjbswozXyW0DnIYA==

"@typescript/typescript-linux-ppc64@7.0.2":
  version "7.0.2"
  resolved "https://registry.yarnpkg.com/@typescript/typescript-linux-ppc64/-/typescript-linux-ppc64-7.0.2.tgz#8b63c9b2f445b393eb4e43ec21da225dade3577d"
  integrity sha512-DORx5b3sd/4S7eayxm4FQv+A7CrkUIGRaHiwI8oiHTAI1fAPWhF4J0vAlkC8biAlHSVVwxMQ3tjZ2/DVbnQiiA==

"@typescript/typescript-linux-riscv64@7.0.2":
  version "7.0.2"
  resolved "https://registry.yarnpkg.com/@typescript/typescript-linux-riscv64/-/typescript-linux-riscv64-7.0.2.tgz#b6e8a35c289b3ea97a92a41d461aaeed0d3b36e1"
  integrity sha512-wf0jqEDOjrPRnKwYRyyJDRo11KMbvMFrU+q4zqKyChODBzvlkbhNQfKvLxQCcwTpdDaXSHZTVuh0JoCrKCUMHQ==

"@typescript/typescript-linux-s390x@7.0.2":
  version "7.0.2"
  resolved "https://registry.yarnpkg.com/@typescript/typescript-linux-s390x/-/typescript-linux-s390x-7.0.2.tgz#2ef96693be4861f6d17965427e5b009cbbed1a3e"
  integrity sha512-IkwJc3L7yhytWd/ewjyxNDfOmswCm9GWMJT/ue/dU4aZNbwZeYAetq42VyLmsmSjvoX7z74X6ZaYCtzAr0EuGw==

"@typescript/typescript-linux-x64@7.0.2":
  version "7.0.2"
  resolved "https://registry.yarnpkg.com/@typescript/typescript-linux-x64/-/typescript-linux-x64-7.0.2.tgz#73269cb0baba50aea0ca060445a6b88e583f1ce2"
  integrity sha512-EYdf2cNg7rgCWJnxCdJ+F3V39O8ihb37eHAu1LK8oAFizgTQbPOK7zHHXbPt8rX24COqODXeI3sIf0fCXG7H/A==

"@typescript/typescript-netbsd-arm64@7.0.2":
  version "7.0.2"
  resolved "https://registry.yarnpkg.com/@typescript/typescript-netbsd-arm64/-/typescript-netbsd-arm64-7.0.2.tgz#3a3649f97fafa210b4e6e3798c15e06605c8a901"
  integrity sha512-+polYF4MF04aPpO5FTkHran9yUQDSXqy5GiSDKpsll5jy3l3+g9QLhpf39T+ePtefhXLOGrLl0QIjkQP6VnelA==

"@typescript/typescript-netbsd-x64@7.0.2":
  version "7.0.2"
  resolved "https://registry.yarnpkg.com/@typescript/typescript-netbsd-x64/-/typescript-netbsd-x64-7.0.2.tgz#47ec59491a40c470d2807dc4d2b825528fd979ab"
  integrity sha512-8YIT0EHM/3dq10ZOVF/A7pc/YSMtbcecct4rWtexrnSCHOPcpC2KTLXfTCR6vDpnSiY12heNb1GiN/wu+T/FyA==

"@typescript/typescript-openbsd-arm64@7.0.2":
  version "7.0.2"
  resolved "https://registry.yarnpkg.com/@typescript/typescript-openbsd-arm64/-/typescript-openbsd-arm64-7.0.2.tgz#796be8da0bd989d8a3fb96f2801e38a8365b4baf"
  integrity sha512-APT8+ClYnuYm1u9+kgGXoMj2VzWzcymwh2gNSQVySHfkRDGOTVkoWLjCmOQSaO+PoqQ57B0flRp9SA+7GnnkzQ==

"@typescript/typescript-openbsd-x64@7.0.2":
  version "7.0.2"
  resolved "https://registry.yarnpkg.com/@typescript/typescript-openbsd-x64/-/typescript-openbsd-x64-7.0.2.tgz#d37fe2a729eb942c076c454ee7f1815faf7d560f"
  integrity sha512-yX7s+Q0Dln0Dt9tEzZsAjXXR/+ytBM7AlglaqyeMPxQszJ1JhlJdZ6jLA+IzldHtflX81em7lDao1xXu+aRRkg==

"@typescript/typescript-sunos-x64@7.0.2":
  version "7.0.2"
  resolved "https://registry.yarnpkg.com/@typescript/typescript-sunos-x64/-/typescript-sunos-x64-7.0.2.tgz#aba8d3464c3565a7044789baba96916bd4ab2c88"
  integrity sha512-dLJDGaLZ1D4HPQn62u1n8mBDkJREwMsAkCdkwd4Ieqw+x3TUyTsqY0YiBCtE6H6OzzgGk3iuZ3vFWRS+E8/d1g==

"@typescript/typescript-win32-arm64@7.0.2":
  version "7.0.2"
  resolved "https://registry.yarnpkg.com/@typescript/typescript-win32-arm64/-/typescript-win32-arm64-7.0.2.tgz#b9de50a17196383f62620b5f9d0a2f34ad3b60d7"
  integrity sha512-Gyl1Vy6OsWesLzmq+EP0Fb7b4Nid5232AvcA2SFcdYreldpNtYFFofPjnt62y9hQy7VTaZp65ICJjuAQRaVcIQ==

"@typescript/typescript-win32-x64@7.0.2":
  version "7.0.2"
  resolved "https://registry.yarnpkg.com/@typescript/typescript-win32-x64/-/typescript-win32-x64-7.0.2.tgz#cf3b7b0d6ce5635daca4c8e01c189cdcde47ec3c"
  integrity sha512-0BQ3HkAHHlKLSp1qRvf3SUhGpGsDuhB/jgFw75guyqbxJqEaS0Cw/VFO8i2nHglJUzQCRtMMR/IBAKE3ETMC4g==

abort-controller@^3.0.0:
  version "3.0.0"
  resolved "https://registry.yarnpkg.com/abort-controller/-/abort-controller-3.0.0.tgz#eaf54d53b62bae4138e809ca225c8439a6efb392"
  integrity sha512-h8lQ8tacZYnR3vNQTgibj+tODHI5/+l06Au2Pcriv/Gmet0eaj4TwWH41sO9wnHDiQsEj19q0drzdWdeAHtweg==
  dependencies:
    event-target-shim "^5.0.0"

argparse@^2.0.1:
  version "2.0.1"
  resolved "https://registry.yarnpkg.com/argparse/-/argparse-2.0.1.tgz#246f50f3ca78a3240f6c997e8a9bd1eac49e4b38"
  integrity sha512-8+9WqebbFzpX9OR+Wa6O29asIogeRMzcGtAINdpMHHyAg10f05aSFVBbcEqGf/PXw1EjAZ+q2/bEBg3DvurK3Q==

asynckit@^0.4.0:
  version "0.4.0"
  resolved "https://registry.yarnpkg.com/asynckit/-/asynckit-0.4.0.tgz#c79ed97f7f34cb8f2ba1bc9790bcc366474b4b79"
  integrity sha1-x57Zf380y48robyXkLzDZkdLS3k=

call-me-maybe@^1.0.1:
  version "1.0.1"
  resolved "https://registry.yarnpkg.com/call-me-maybe/-/call-me-maybe-1.0.1.tgz#26d208ea89e37b5cbde60250a15f031c16a4d66b"
  integrity sha1-JtII6onje1y95gJQoV8DHBak1ms=

camelcase@^6.3.0:
  version "6.3.0"
  resolved "https://registry.yarnpkg.com/camelcase/-/camelcase-6.3.0.tgz#5685b95eb209ac9c0c177467778c9c84df58ba9a"
  integrity sha512-Gmy6FhYlCY7uOElZUSbxo2UCDH8owEk996gkbrpsgGtrJLM3J7jGxl9Ic7Qwwj4ivOE5AWZWRMecDdF7hqGjFA==

combined-stream@^1.0.8:
  version "1.0.8"
  resolved "https://registry.yarnpkg.com/combined-stream/-/combined-stream-1.0.8.tgz#c3d45a8b34fd730631a110a8a2520682b31d5a7f"
  integrity sha512-FQN4MRfuJeHf7cBbBMJFXhKSDq+2kAArBlmRBvcvFE5BB1HZKXtSFASDhdlz9zOYwxh8lDdnvmMOe/+5cdoEdg==
  dependencies:
    delayed-stream "~1.0.0"

commander@^9.0.0:
  version "9.0.0"
  resolved "https://registry.yarnpkg.com/commander/-/commander-9.0.0.tgz#86d58f24ee98126568936bd1d3574e0308a99a40"
  integrity sha512-JJfP2saEKbQqvW+FI93OYUB4ByV5cizMpFMiiJI8xDbBvQvSkIk0VvQdn1CZ8mqAO8Loq2h0gYTYtDFUZUeERw==

delayed-stream@~1.0.0:
  version "1.0.0"
  resolved "https://registry.yarnpkg.com/delayed-stream/-/delayed-stream-1.0.0.tgz#df3ae199acadfb7d440aaae0b29e2272b24ec619"
  integrity sha1-3zrhmayt+31ECqrgsp4icrJOxhk=

event-target-shim@^5.0.0:
  version "5.0.1"
  resolved "https://registry.yarnpkg.com/event-target-shim/-/event-target-shim-5.0.1.tgz#5d4d3ebdf9583d63a5333ce2deb7480ab2b05789"
  integrity sha512-i/2XbnSz/uxRCU6+NdVJgKWDTM427+MqYbkQzD321DuCQJUqOuJKIA0IM2+W2xtYHdKOmZ4dR6fExsd4SXL+WQ==

form-data@^3.0.0:
  version "3.0.1"
  resolved "https://registry.yarnpkg.com/form-data/-/form-data-3.0.1.tgz#ebd53791b78356a99af9a300d4282c4d5eb9755f"
  integrity sha512-RHkBKtLWUVwd7SqRIvCZMEvAMoGUp0XU+seQiZejj0COz3RI3hWP4sCv3gZWWLjJTd7rGwcsF5eKZGii0r/hbg==
  dependencies:
    asynckit "^0.4.0"
    combined-stream "^1.0.8"
    mime-types "^2.1.12"

form-data@^4.0.0:
  version "4.0.0"
  resolved "https://registry.yarnpkg.com/form-data/-/form-data-4.0.0.tgz#93919daeaf361ee529584b9b31664dc12c9fa452"
  integrity sha512-ETEklSGi5t0QMZuiXoA/Q6vcnxcLQP5vdugSpuAyi6SVGi2clPPp+xgEhuMaHC+zGgn31Kd235W35f7Hykkaww==
  dependencies:
    asynckit "^0.4.0"
    combined-stream "^1.0.8"
    mime-types "^2.1.12"

handlebars@^4.7.6:
  version "4.7.7"
  resolved "https://registry.yarnpkg.com/handlebars/-/handlebars-4.7.7.tgz#9ce33416aad02dbd6c8fafa8240d5d98004945a1"
  integrity sha512-aAcXm5OAfE/8IXkcZvCepKU3VzW1/39Fb5ZuqMtgI/hT8X2YgoMvBY5dLhq/cpOvw7Lk1nK/UF71aLG/ZnVYRA==
  dependencies:
    minimist "^1.2.5"
    neo-async "^2.6.0"
    source-map "^0.6.1"
    wordwrap "^1.0.0"
  optionalDependencies:
    uglify-js "^3.1.4"

js-yaml@^4.1.0:
  version "4.1.0"
  resolved "https://registry.yarnpkg.com/js-yaml/-/js-yaml-4.1.0.tgz#c1fb65f8f5017901cdd2c951864ba18458a10602"
  integrity sha512-wpxZs9NoxZaJESJGIZTyDEaYpl0FKSA+FB9aJiyemKhMwkxQg63h4T1KJgUGHpTqPDNRcmmYLugrRjJlBtWvRA==
  dependencies:
    argparse "^2.0.1"

json-schema-ref-parser@^9.0.7:
  version "9.0.9"
  resolved "https://registry.yarnpkg.com/json-schema-ref-parser/-/json-schema-ref-parser-9.0.9.tgz#66ea538e7450b12af342fa3d5b8458bc1e1e013f"
  integrity sha512-qcP2lmGy+JUoQJ4DOQeLaZDqH9qSkeGCK3suKWxJXS82dg728Mn3j97azDMaOUmJAN4uCq91LdPx4K7E8F1a7Q==
  dependencies:
    "@apidevtools/json-schema-ref-parser" "9.0.9"

mime-db@1.51.0:
  version "1.51.0"
  resolved "https://registry.yarnpkg.com/mime-db/-/mime-db-1.51.0.tgz#d9ff62451859b18342d960850dc3cfb77e63fb0c"
  integrity sha512-5y8A56jg7XVQx2mbv1lu49NR4dokRnhZYTtL+KGfaa27uq4pSTXkwQkFJl4pkRMyNFz/EtYDSkiiEHx3F7UN6g==

mime-types@^2.1.12:
  version "2.1.34"
  resolved "https://registry.yarnpkg.com/mime-types/-/mime-types-2.1.34.tgz#5a712f9ec1503511a945803640fafe09d3793c24"
  integrity sha512-6cP692WwGIs9XXdOO4++N+7qjqv0rqxxVvJ3VHPh/Sc9mVZcQP+ZGhkKiTvWMQRr2tbHkJP/Yn7Y0npb3ZBs4A==
  dependencies:
    mime-db "1.51.0"

minimist@^1.2.5:
  version "1.2.5"
  resolved "https://registry.yarnpkg.com/minimist/-/minimist-1.2.5.tgz#67d66014b66a6a8aaa0c083c5fd58df4e4e97602"
  integrity sha512-FM9nNUYrRBAELZQT3xeZQ7fmMOBg6nWNmJKTcgsJeaLstP/UODVpGsr5OhXhhXg6f+qtJ8uiZ+PUxkDWcgIXLw==

neo-async@^2.6.0:
  version "2.6.2"
  resolved "https://registry.yarnpkg.com/neo-async/-/neo-async-2.6.2.tgz#b4aafb93e3aeb2d8174ca53cf163ab7d7308305f"
  integrity sha512-Yd3UES5mWCSqR+qNT93S3UoYUkqAZ9lLg8a7g9rimsWmYGK8cVToA4/sF3RrshdyV3sAGMXVUmpMYOw+dLpOuw==

node-fetch@^2.0.0:
  version "2.6.7"
  resolved "https://registry.yarnpkg.com/node-fetch/-/node-fetch-2.6.7.tgz#24de9fba827e3b4ae44dc8b20256a379160052ad"
  integrity sha512-ZjMPFEfVx5j+y2yF35Kzx5sF7kDzxuDj6ziH4FFbOp87zKDZNx8yExJIb05OGF4Nlt9IHFIMBkRl41VdvcNdbQ==
  dependencies:
    whatwg-url "^5.0.0"

openapi-typescript-codegen@^0.18.2:
  version "0.18.2"
  resolved "https://registry.yarnpkg.com/openapi-typescript-codegen/-/openapi-typescript-codegen-0.18.2.tgz#c46cbed8c2ce654ae0c170628e98028c5a20e38f"
  integrity sha512-VjgChQxvicj1zjDWvqJivqKEPT7apRFTfLWrgAsHlzMLTGWzIxOONSUxZ0dGLbxTlMIQiFEVlR8X76Qrbkr3fw==
  dependencies:
    camelcase "^6.3.0"
    commander "^9.0.0"
    handlebars "^4.7.6"
    json-schema-ref-parser "^9.0.7"

source-map@^0.6.1:
  version "0.6.1"
  resolved "https://registry.yarnpkg.com/source-map/-/source-map-0.6.1.tgz#74722af32e9614e9c287a8d0bbde48b5e2f1a263"
  integrity sha512-UjgapumWlbMhkBgzT7Ykc5YXUT46F0iKu8SGXq0bcwP5dz/h0Plj6enJqjz1Zbq2l5WaqYnrVbwWOWMyF3F47g==

tr46@~0.0.3:
  version "0.0.3"
  resolved "https://registry.yarnpkg.com/tr46/-/tr46-0.0.3.tgz#8184fd347dac9cdc185992f3a6622e14b9d9ab6a"
  integrity sha1-gYT9NH2snNwYWZLzpmIuFLnZq2o=

typescript@^7.0.0:
  version "7.0.2"
  resolved "https://registry.yarnpkg.com/typescript/-/typescript-7.0.2.tgz#9ec773d7954a8c182c17cc5bbd575aa28bc51582"
  integrity sha512-8FYau96o3NKOhbjKi/qNvG/W5jhzxkbdm5sj9AbZ/5T5sWqn3hJgLfGx27sRKZWTvyzCP8dLRBTf5tBTSRVUNA==
  optionalDependencies:
    "@typescript/typescript-aix-ppc64" "7.0.2"
    "@typescript/typescript-darwin-arm64" "7.0.2"
    "@typescript/typescript-darwin-x64" "7.0.2"
    "@typescript/typescript-freebsd-arm64" "7.0.2"
    "@typescript/typescript-freebsd-x64" "7.0.2"
    "@typescript/typescript-linux-arm" "7.0.2"
    "@typescript/typescript-linux-arm64" "7.0.2"
    "@typescript/typescript-linux-loong64" "7.0.2"
    "@typescript/typescript-linux-mips64el" "7.0.2"
    "@typescript/typescript-linux-ppc64" "7.0.2"
    "@typescript/typescript-linux-riscv64" "7.0.2"
    "@typescript/typescript-linux-s390x" "7.0.2"
    "@typescript/typescript-linux-x64" "7.0.2"
    "@typescript/typescript-netbsd-arm64" "7.0.2"
    "@typescript/typescript-netbsd-x64" "7.0.2"
    "@typescript/typescript-openbsd-arm64" "7.0.2"
    "@typescript/typescript-openbsd-x64" "7.0.2"
    "@typescript/typescript-sunos-x64" "7.0.2"
    "@typescript/typescript-win32-arm64" "7.0.2"
    "@typescript/typescript-win32-x64" "7.0.2"

uglify-js@^3.1.4:
  version "3.15.0"
  resolved "https://registry.yarnpkg.com/uglify-js/-/uglify-js-3.15.0.tgz#2d6a689d94783cab43975721977a13c2afec28f1"
  integrity sha512-x+xdeDWq7FiORDvyIJ0q/waWd4PhjBNOm5dQUOq2AKC0IEjxOS66Ha9tctiVDGcRQuh69K7fgU5oRuTK4cysSg==

webidl-conversions@^3.0.0:
  version "3.0.1"
  resolved "https://registry.yarnpkg.com/webidl-conversions/-/webidl-conversions-3.0.1.tgz#24534275e2a7bc6be7bc86611cc16ae0a5654871"
  integrity sha1-JFNCdeKnvGvnvIZhHMFq4KVlSHE=

whatwg-url@^5.0.0:
  version "5.0.0"
  resolved "https://registry.yarnpkg.com/whatwg-url/-/whatwg-url-5.0.0.tgz#966454e8765462e37644d3626f6742ce8b70965d"
  integrity sha1-lmRU6HZUYuN2RNNib2dCzotwll0=
  dependencies:
    tr46 "~0.0.3"
    webidl-conversions "^3.0.0"

wordwrap@^1.0.0:
  version "1.0.0"
  resolved "https://registry.yarnpkg.com/wordwrap/-/wordwrap-1.0.0.tgz#27584810891456a4171c8d0226441ade90cbcaeb"
  integrity sha1-J1hIEIkUVqQXHI0CJkQa3pDLyus=
